
Microsoft Visual Studio Solution File, Format Version 12.00
# Visual Studio Version 17
VisualStudioVersion = 17.11.35222.181
MinimumVisualStudioVersion = 10.0.40219.1
Project("{FAE04EC0-301F-11D3-BF4B-00C04F79EFBC}") = "HttpStart", "HttpStart\HttpStart.csproj", "{B891D6A8-04E7-45EC-91BB-C752199C3B4A}"
EndProject
Global
	GlobalSection(SolutionConfigurationPlatforms) = preSolution
		Debug|Any CPU = Debug|Any CPU
		Release|Any CPU = Release|Any CPU
	EndGlobalSection
	GlobalSection(ProjectConfigurationPlatforms) = postSolution
		{B891D6A8-04E7-45EC-91BB-C752199C3B4A}.Debug|Any CPU.ActiveCfg = Debug|Any CPU
		{B891D6A8-04E7-45EC-91BB-C752199C3B4A}.Debug|Any CPU.Build.0 = Debug|Any CPU
		{B891D6A8-04E7-45EC-91BB-C752199C3B4A}.Release|Any CPU.ActiveCfg = Release|Any CPU
		{B891D6A8-04E7-45EC-91BB-C752199C3B4A}.Release|Any CPU.Build.0 = Release|Any CPU
	EndGlobalSection
	GlobalSection(SolutionProperties) = preSolution
		HideSolutionNode = FALSE
	EndGlobalSection
	GlobalSection(ExtensibilityGlobals) = postSolution
		SolutionGuid = {FB7A29BF-E2F7-42EA-AF5A-1F3911CFE0B7}
	EndGlobalSection
EndGlobal
